// !$*UTF8*$!
{
	archiveVersion = 1;
	classes = {
	};
	objectVersion = 56;
	objects = {

/* Begin PBXBuildFile section */
		C911B8C82B1D6B4000F5986A /* ScrollBlurApp.swift in Sources */ = {isa = PBXBuildFile; fileRef = C911B8C72B1D6B4000F5986A /* ScrollBlurApp.swift */; };
		C911B8CA2B1D6B4000F5986A /* ContentView.swift in Sources */ = {isa = PBXBuildFile; fileRef = C911B8C92B1D6B4000F5986A /* ContentView.swift */; };
		C911B8CC2B1D6B4000F5986A /* Item.swift in Sources */ = {isa = PBXBuildFile; fileRef = C911B8CB2B1D6B4000F5986A /* Item.swift */; };
		C911B8CE2B1D6B4100F5986A /* Assets.xcassets in Resources */ = {isa = PBXBuildFile; fileRef = C911B8CD2B1D6B4100F5986A /* Assets.xcassets */; };
		C911B8D22B1D6B4100F5986A /* Preview Assets.xcassets in Resources */ = {isa = PBXBuildFile; fileRef = C911B8D12B1D6B4100F5986A /* Preview Assets.xcassets */; };
		C911B8DC2B1D6B4100F5986A /* ScrollBlurTests.swift in Sources */ = {isa = PBXBuildFile; fileRef = C911B8DB2B1D6B4100F5986A /* ScrollBlurTests.swift */; };
		C911B8E62B1D6B4100F5986A /* ScrollBlurUITests.swift in Sources */ = {isa = PBXBuildFile; fileRef = C911B8E52B1D6B4100F5986A /* ScrollBlurUITests.swift */; };
		C911B8E82B1D6B4100F5986A /* ScrollBlurUITestsLaunchTests.swift in Sources */ = {isa = PBXBuildFile; fileRef = C911B8E72B1D6B4100F5986A /* ScrollBlurUITestsLaunchTests.swift */; };
/* End PBXBuildFile section */

/* Begin PBXContainerItemProxy section */
		C911B8D82B1D6B4100F5986A /* PBXContainerItemProxy */ = {
			isa = PBXContainerItemProxy;
			containerPortal = C911B8BC2B1D6B4000F5986A /* Project object */;
			proxyType = 1;
			remoteGlobalIDString = C911B8C32B1D6B4000F5986A;
			remoteInfo = ScrollBlur;
		};
		C911B8E22B1D6B4100F5986A /* PBXContainerItemProxy */ = {
			isa = PBXContainerItemProxy;
			containerPortal = C911B8BC2B1D6B4000F5986A /* Project object */;
			proxyType = 1;
			remoteGlobalIDString = C911B8C32B1D6B4000F5986A;
			remoteInfo = ScrollBlur;
		};
/* End PBXContainerItemProxy section */

/* Begin PBXFileReference section */
		C911B8C42B1D6B4000F5986A /* ScrollBlur.app */ = {isa = PBXFileReference; explicitFileType = wrapper.application; includeInIndex = 0; path = ScrollBlur.app; sourceTree = BUILT_PRODUCTS_DIR; };
		C911B8C72B1D6B4000F5986A /* ScrollBlurApp.swift */ = {isa = PBXFileReference; lastKnownFileType = sourcecode.swift; path = ScrollBlurApp.swift; sourceTree = "<group>"; };
		C911B8C92B1D6B4000F5986A /* ContentView.swift */ = {isa = PBXFileReference; lastKnownFileType = sourcecode.swift; path = ContentView.swift; sourceTree = "<group>"; };
		C911B8CB2B1D6B4000F5986A /* Item.swift */ = {isa = PBXFileReference; lastKnownFileType = sourcecode.swift; path = Item.swift; sourceTree = "<group>"; };
		C911B8CD2B1D6B4100F5986A /* Assets.xcassets */ = {isa = PBXFileReference; lastKnownFileType = folder.assetcatalog; path = Assets.xcassets; sourceTree = "<group>"; };
		C911B8CF2B1D6B4100F5986A /* ScrollBlur.entitlements */ = {isa = PBXFileReference; lastKnownFileType = text.plist.entitlements; path = ScrollBlur.entitlements; sourceTree = "<group>"; };
		C911B8D12B1D6B4100F5986A /* Preview Assets.xcassets */ = {isa = PBXFileReference; lastKnownFileType = folder.assetcatalog; path = "Preview Assets.xcassets"; sourceTree = "<group>"; };
		C911B8D72B1D6B4100F5986A /* ScrollBlurTests.xctest */ = {isa = PBXFileReference; explicitFileType = wrapper.cfbundle; includeInIndex = 0; path = ScrollBlurTests.xctest; sourceTree = BUILT_PRODUCTS_DIR; };
		C911B8DB2B1D6B4100F5986A /* ScrollBlurTests.swift */ = {isa = PBXFileReference; lastKnownFileType = sourcecode.swift; path = ScrollBlurTests.swift; sourceTree = "<group>"; };
		C911B8E12B1D6B4100F5986A /* ScrollBlurUITests.xctest */ = {isa = PBXFileReference; explicitFileType = wrapper.cfbundle; includeInIndex = 0; path = ScrollBlurUITests.xctest; sourceTree = BUILT_PRODUCTS_DIR; };
		C911B8E52B1D6B4100F5986A /* ScrollBlurUITests.swift */ = {isa = PBXFileReference; lastKnownFileType = sourcecode.swift; path = ScrollBlurUITests.swift; sourceTree = "<group>"; };
		C911B8E72B1D6B4100F5986A /* ScrollBlurUITestsLaunchTests.swift */ = {isa = PBXFileReference; lastKnownFileType = sourcecode.swift; path = ScrollBlurUITestsLaunchTests.swift; sourceTree = "<group>"; };
/* End PBXFileReference section */

/* Begin PBXFrameworksBuildPhase section */
		C911B8C12B1D6B4000F5986A /* Frameworks */ = {
			isa = PBXFrameworksBuildPhase;
			buildActionMask = 2147483647;
			files = (
			);
			runOnlyForDeploymentPostprocessing = 0;
		};
		C911B8D42B1D6B4100F5986A /* Frameworks */ = {
			isa = PBXFrameworksBuildPhase;
			buildActionMask = 2147483647;
			files = (
			);
			runOnlyForDeploymentPostprocessing = 0;
		};
		C911B8DE2B1D6B4100F5986A /* Frameworks */ = {
			isa = PBXFrameworksBuildPhase;
			buildActionMask = 2147483647;
			files = (
			);
			runOnlyForDeploymentPostprocessing = 0;
		};
/* End PBXFrameworksBuildPhase section */

/* Begin PBXGroup section */
		C911B8BB2B1D6B4000F5986A = {
			isa = PBXGroup;
			children = (
				C911B8C62B1D6B4000F5986A /* ScrollBlur */,
				C911B8DA2B1D6B4100F5986A /* ScrollBlurTests */,
				C911B8E42B1D6B4100F5986A /* ScrollBlurUITests */,
				C911B8C52B1D6B4000F5986A /* Products */,
			);
			sourceTree = "<group>";
		};
		C911B8C52B1D6B4000F5986A /* Products */ = {
			isa = PBXGroup;
			children = (
				C911B8C42B1D6B4000F5986A /* ScrollBlur.app */,
				C911B8D72B1D6B4100F5986A /* ScrollBlurTests.xctest */,
				C911B8E12B1D6B4100F5986A /* ScrollBlurUITests.xctest */,
			);
			name = Products;
			sourceTree = "<group>";
		};
		C911B8C62B1D6B4000F5986A /* ScrollBlur */ = {
			isa = PBXGroup;
			children = (
				C911B8C72B1D6B4000F5986A /* ScrollBlurApp.swift */,
				C911B8C92B1D6B4000F5986A /* ContentView.swift */,
				C911B8CB2B1D6B4000F5986A /* Item.swift */,
				C911B8CD2B1D6B4100F5986A /* Assets.xcassets */,
				C911B8CF2B1D6B4100F5986A /* ScrollBlur.entitlements */,
				C911B8D02B1D6B4100F5986A /* Preview Content */,
			);
			path = ScrollBlur;
			sourceTree = "<group>";
		};
		C911B8D02B1D6B4100F5986A /* Preview Content */ = {
			isa = PBXGroup;
			children = (
				C911B8D12B1D6B4100F5986A /* Preview Assets.xcassets */,
			);
			path = "Preview Content";
			sourceTree = "<group>";
		};
		C911B8DA2B1D6B4100F5986A /* ScrollBlurTests */ = {
			isa = PBXGroup;
			children = (
				C911B8DB2B1D6B4100F5986A /* ScrollBlurTests.swift */,
			);
			path = ScrollBlurTests;
			sourceTree = "<group>";
		};
		C911B8E42B1D6B4100F5986A /* ScrollBlurUITests */ = {
			isa = PBXGroup;
			children = (
				C911B8E52B1D6B4100F5986A /* ScrollBlurUITests.swift */,
				C911B8E72B1D6B4100F5986A /* ScrollBlurUITestsLaunchTests.swift */,
			);
			path = ScrollBlurUITests;
			sourceTree = "<group>";
		};
/* End PBXGroup section */

/* Begin PBXNativeTarget section */
		C911B8C32B1D6B4000F5986A /* ScrollBlur */ = {
			isa = PBXNativeTarget;
			buildConfigurationList = C911B8EB2B1D6B4100F5986A /* Build configuration list for PBXNativeTarget "ScrollBlur" */;
			buildPhases = (
				C911B8C02B1D6B4000F5986A /* Sources */,
				C911B8C12B1D6B4000F5986A /* Frameworks */,
				C911B8C22B1D6B4000F5986A /* Resources */,
			);
			buildRules = (
			);
			dependencies = (
			);
			name = ScrollBlur;
			productName = ScrollBlur;
			productReference = C911B8C42B1D6B4000F5986A /* ScrollBlur.app */;
			productType = "com.apple.product-type.application";
		};
		C911B8D62B1D6B4100F5986A /* ScrollBlurTests */ = {
			isa = PBXNativeTarget;
			buildConfigurationList = C911B8EE2B1D6B4100F5986A /* Build configuration list for PBXNativeTarget "ScrollBlurTests" */;
			buildPhases = (
				C911B8D32B1D6B4100F5986A /* Sources */,
				C911B8D42B1D6B4100F5986A /* Frameworks */,
				C911B8D52B1D6B4100F5986A /* Resources */,
			);
			buildRules = (
			);
			dependencies = (
				C911B8D92B1D6B4100F5986A /* PBXTargetDependency */,
			);
			name = ScrollBlurTests;
			productName = ScrollBlurTests;
			productReference = C911B8D72B1D6B4100F5986A /* ScrollBlurTests.xctest */;
			productType = "com.apple.product-type.bundle.unit-test";
		};
		C911B8E02B1D6B4100F5986A /* ScrollBlurUITests */ = {
			isa = PBXNativeTarget;
			buildConfigurationList = C911B8F12B1D6B4100F5986A /* Build configuration list for PBXNativeTarget "ScrollBlurUITests" */;
			buildPhases = (
				C911B8DD2B1D6B4100F5986A /* Sources */,
				C911B8DE2B1D6B4100F5986A /* Frameworks */,
				C911B8DF2B1D6B4100F5986A /* Resources */,
			);
			buildRules = (
			);
			dependencies = (
				C911B8E32B1D6B4100F5986A /* PBXTargetDependency */,
			);
			name = ScrollBlurUITests;
			productName = ScrollBlurUITests;
			productReference = C911B8E12B1D6B4100F5986A /* ScrollBlurUITests.xctest */;
			productType = "com.apple.product-type.bundle.ui-testing";
		};
/* End PBXNativeTarget section */

/* Begin PBXProject section */
		C911B8BC2B1D6B4000F5986A /* Project object */ = {
			isa = PBXProject;
			attributes = {
				BuildIndependentTargetsInParallel = 1;
				LastSwiftUpdateCheck = 1500;
				LastUpgradeCheck = 1500;
				TargetAttributes = {
					C911B8C32B1D6B4000F5986A = {
						CreatedOnToolsVersion = 15.0.1;
					};
					C911B8D62B1D6B4100F5986A = {
						CreatedOnToolsVersion = 15.0.1;
						TestTargetID = C911B8C32B1D6B4000F5986A;
					};
					C911B8E02B1D6B4100F5986A = {
						CreatedOnToolsVersion = 15.0.1;
						TestTargetID = C911B8C32B1D6B4000F5986A;
					};
				};
			};
			buildConfigurationList = C911B8BF2B1D6B4000F5986A /* Build configuration list for PBXProject "ScrollBlur" */;
			compatibilityVersion = "Xcode 14.0";
			developmentRegion = en;
			hasScannedForEncodings = 0;
			knownRegions = (
				en,
				Base,
			);
			mainGroup = C911B8BB2B1D6B4000F5986A;
			productRefGroup = C911B8C52B1D6B4000F5986A /* Products */;
			projectDirPath = "";
			projectRoot = "";
			targets = (
				C911B8C32B1D6B4000F5986A /* ScrollBlur */,
				C911B8D62B1D6B4100F5986A /* ScrollBlurTests */,
				C911B8E02B1D6B4100F5986A /* ScrollBlurUITests */,
			);
		};
/* End PBXProject section */

/* Begin PBXResourcesBuildPhase section */
		C911B8C22B1D6B4000F5986A /* Resources */ = {
			isa = PBXResourcesBuildPhase;
			buildActionMask = 2147483647;
			files = (
				C911B8D22B1D6B4100F5986A /* Preview Assets.xcassets in Resources */,
				C911B8CE2B1D6B4100F5986A /* Assets.xcassets in Resources */,
			);
			runOnlyForDeploymentPostprocessing = 0;
		};
		C911B8D52B1D6B4100F5986A /* Resources */ = {
			isa = PBXResourcesBuildPhase;
			buildActionMask = 2147483647;
			files = (
			);
			runOnlyForDeploymentPostprocessing = 0;
		};
		C911B8DF2B1D6B4100F5986A /* Resources */ = {
			isa = PBXResourcesBuildPhase;
			buildActionMask = 2147483647;
			files = (
			);
			runOnlyForDeploymentPostprocessing = 0;
		};
/* End PBXResourcesBuildPhase section */

/* Begin PBXSourcesBuildPhase section */
		C911B8C02B1D6B4000F5986A /* Sources */ = {
			isa = PBXSourcesBuildPhase;
			buildActionMask = 2147483647;
			files = (
				C911B8CA2B1D6B4000F5986A /* ContentView.swift in Sources */,
				C911B8CC2B1D6B4000F5986A /* Item.swift in Sources */,
				C911B8C82B1D6B4000F5986A /* ScrollBlurApp.swift in Sources */,
			);
			runOnlyForDeploymentPostprocessing = 0;
		};
		C911B8D32B1D6B4100F5986A /* Sources */ = {
			isa = PBXSourcesBuildPhase;
			buildActionMask = 2147483647;
			files = (
				C911B8DC2B1D6B4100F5986A /* ScrollBlurTests.swift in Sources */,
			);
			runOnlyForDeploymentPostprocessing = 0;
		};
		C911B8DD2B1D6B4100F5986A /* Sources */ = {
			isa = PBXSourcesBuildPhase;
			buildActionMask = 2147483647;
			files = (
				C911B8E82B1D6B4100F5986A /* ScrollBlurUITestsLaunchTests.swift in Sources */,
				C911B8E62B1D6B4100F5986A /* ScrollBlurUITests.swift in Sources */,
			);
			runOnlyForDeploymentPostprocessing = 0;
		};
/* End PBXSourcesBuildPhase section */

/* Begin PBXTargetDependency section */
		C911B8D92B1D6B4100F5986A /* PBXTargetDependency */ = {
			isa = PBXTargetDependency;
			target = C911B8C32B1D6B4000F5986A /* ScrollBlur */;
			targetProxy = C911B8D82B1D6B4100F5986A /* PBXContainerItemProxy */;
		};
		C911B8E32B1D6B4100F5986A /* PBXTargetDependency */ = {
			isa = PBXTargetDependency;
			target = C911B8C32B1D6B4000F5986A /* ScrollBlur */;
			targetProxy = C911B8E22B1D6B4100F5986A /* PBXContainerItemProxy */;
		};
/* End PBXTargetDependency section */

/* Begin XCBuildConfiguration section */
		C911B8E92B1D6B4100F5986A /* Debug */ = {
			isa = XCBuildConfiguration;
			buildSettings = {
				ALWAYS_SEARCH_USER_PATHS = NO;
				ASSETCATALOG_COMPILER_GENERATE_SWIFT_ASSET_SYMBOL_EXTENSIONS = YES;
				CLANG_ANALYZER_NONNULL = YES;
				CLANG_ANALYZER_NUMBER_OBJECT_CONVERSION = YES_AGGRESSIVE;
				CLANG_CXX_LANGUAGE_STANDARD = "gnu++20";
				CLANG_ENABLE_MODULES = YES;
				CLANG_ENABLE_OBJC_ARC = YES;
				CLANG_ENABLE_OBJC_WEAK = YES;
				CLANG_WARN_BLOCK_CAPTURE_AUTORELEASING = YES;
				CLANG_WARN_BOOL_CONVERSION = YES;
				CLANG_WARN_COMMA = YES;
				CLANG_WARN_CONSTANT_CONVERSION = YES;
				CLANG_WARN_DEPRECATED_OBJC_IMPLEMENTATIONS = YES;
				CLANG_WARN_DIRECT_OBJC_ISA_USAGE = YES_ERROR;
				CLANG_WARN_DOCUMENTATION_COMMENTS = YES;
				CLANG_WARN_EMPTY_BODY = YES;
				CLANG_WARN_ENUM_CONVERSION = YES;
				CLANG_WARN_INFINITE_RECURSION = YES;
				CLANG_WARN_INT_CONVERSION = YES;
				CLANG_WARN_NON_LITERAL_NULL_CONVERSION = YES;
				CLANG_WARN_OBJC_IMPLICIT_RETAIN_SELF = YES;
				CLANG_WARN_OBJC_LITERAL_CONVERSION = YES;
				CLANG_WARN_OBJC_ROOT_CLASS = YES_ERROR;
				CLANG_WARN_QUOTED_INCLUDE_IN_FRAMEWORK_HEADER = YES;
				CLANG_WARN_RANGE_LOOP_ANALYSIS = YES;
				CLANG_WARN_STRICT_PROTOTYPES = YES;
				CLANG_WARN_SUSPICIOUS_MOVE = YES;
				CLANG_WARN_UNGUARDED_AVAILABILITY = YES_AGGRESSIVE;
				CLANG_WARN_UNREACHABLE_CODE = YES;
				CLANG_WARN__DUPLICATE_METHOD_MATCH = YES;
				COPY_PHASE_STRIP = NO;
				DEBUG_INFORMATION_FORMAT = dwarf;
				ENABLE_STRICT_OBJC_MSGSEND = YES;
				ENABLE_TESTABILITY = YES;
				ENABLE_USER_SCRIPT_SANDBOXING = YES;
				GCC_C_LANGUAGE_STANDARD = gnu17;
				GCC_DYNAMIC_NO_PIC = NO;
				GCC_NO_COMMON_BLOCKS = YES;
				GCC_OPTIMIZATION_LEVEL = 0;
				GCC_PREPROCESSOR_DEFINITIONS = (
					"DEBUG=1",
					"$(inherited)",
				);
				GCC_WARN_64_TO_32_BIT_CONVERSION = YES;
				GCC_WARN_ABOUT_RETURN_TYPE = YES_ERROR;
				GCC_WARN_UNDECLARED_SELECTOR = YES;
				GCC_WARN_UNINITIALIZED_AUTOS = YES_AGGRESSIVE;
				GCC_WARN_UNUSED_FUNCTION = YES;
				GCC_WARN_UNUSED_VARIABLE = YES;
				LOCALIZATION_PREFERS_STRING_CATALOGS = YES;
				MTL_ENABLE_DEBUG_INFO = INCLUDE_SOURCE;
				MTL_FAST_MATH = YES;
				ONLY_ACTIVE_ARCH = YES;
				SWIFT_ACTIVE_COMPILATION_CONDITIONS = "DEBUG $(inherited)";
				SWIFT_OPTIMIZATION_LEVEL = "-Onone";
			};
			name = Debug;
		};
		C911B8EA2B1D6B4100F5986A /* Release */ = {
			isa = XCBuildConfiguration;
			buildSettings = {
				ALWAYS_SEARCH_USER_PATHS = NO;
				ASSETCATALOG_COMPILER_GENERATE_SWIFT_ASSET_SYMBOL_EXTENSIONS = YES;
				CLANG_ANALYZER_NONNULL = YES;
				CLANG_ANALYZER_NUMBER_OBJECT_CONVERSION = YES_AGGRESSIVE;
				CLANG_CXX_LANGUAGE_STANDARD = "gnu++20";
				CLANG_ENABLE_MODULES = YES;
				CLANG_ENABLE_OBJC_ARC = YES;
				CLANG_ENABLE_OBJC_WEAK = YES;
				CLANG_WARN_BLOCK_CAPTURE_AUTORELEASING = YES;
				CLANG_WARN_BOOL_CONVERSION = YES;
				CLANG_WARN_COMMA = YES;
				CLANG_WARN_CONSTANT_CONVERSION = YES;
				CLANG_WARN_DEPRECATED_OBJC_IMPLEMENTATIONS = YES;
				CLANG_WARN_DIRECT_OBJC_ISA_USAGE = YES_ERROR;
				CLANG_WARN_DOCUMENTATION_COMMENTS = YES;
				CLANG_WARN_EMPTY_BODY = YES;
				CLANG_WARN_ENUM_CONVERSION = YES;
				CLANG_WARN_INFINITE_RECURSION = YES;
				CLANG_WARN_INT_CONVERSION = YES;
				CLANG_WARN_NON_LITERAL_NULL_CONVERSION = YES;
				CLANG_WARN_OBJC_IMPLICIT_RETAIN_SELF = YES;
				CLANG_WARN_OBJC_LITERAL_CONVERSION = YES;
				CLANG_WARN_OBJC_ROOT_CLASS = YES_ERROR;
				CLANG_WARN_QUOTED_INCLUDE_IN_FRAMEWORK_HEADER = YES;
				CLANG_WARN_RANGE_LOOP_ANALYSIS = YES;
				CLANG_WARN_STRICT_PROTOTYPES = YES;
				CLANG_WARN_SUSPICIOUS_MOVE = YES;
				CLANG_WARN_UNGUARDED_AVAILABILITY = YES_AGGRESSIVE;
				CLANG_WARN_UNREACHABLE_CODE = YES;
				CLANG_WARN__DUPLICATE_METHOD_MATCH = YES;
				COPY_PHASE_STRIP = NO;
				DEBUG_INFORMATION_FORMAT = "dwarf-with-dsym";
				ENABLE_NS_ASSERTIONS = NO;
				ENABLE_STRICT_OBJC_MSGSEND = YES;
				ENABLE_USER_SCRIPT_SANDBOXING = YES;
				GCC_C_LANGUAGE_STANDARD = gnu17;
				GCC_NO_COMMON_BLOCKS = YES;
				GCC_WARN_64_TO_32_BIT_CONVERSION = YES;
				GCC_WARN_ABOUT_RETURN_TYPE = YES_ERROR;
				GCC_WARN_UNDECLARED_SELECTOR = YES;
				GCC_WARN_UNINITIALIZED_AUTOS = YES_AGGRESSIVE;
				GCC_WARN_UNUSED_FUNCTION = YES;
				GCC_WARN_UNUSED_VARIABLE = YES;
				LOCALIZATION_PREFERS_STRING_CATALOGS = YES;
				MTL_ENABLE_DEBUG_INFO = NO;
				MTL_FAST_MATH = YES;
				SWIFT_COMPILATION_MODE = wholemodule;
			};
			name = Release;
		};
		C911B8EC2B1D6B4100F5986A /* Debug */ = {
			isa = XCBuildConfiguration;
			buildSettings = {
				ASSETCATALOG_COMPILER_APPICON_NAME = AppIcon;
				ASSETCATALOG_COMPILER_GLOBAL_ACCENT_COLOR_NAME = AccentColor;
				CODE_SIGN_ENTITLEMENTS = ScrollBlur/ScrollBlur.entitlements;
				CODE_SIGN_STYLE = Automatic;
				CURRENT_PROJECT_VERSION = 1;
				DEVELOPMENT_ASSET_PATHS = "\"ScrollBlur/Preview Content\"";
				DEVELOPMENT_TEAM = LN4JU8GNV7;
				ENABLE_HARDENED_RUNTIME = YES;
				ENABLE_PREVIEWS = YES;
				GENERATE_INFOPLIST_FILE = YES;
				"INFOPLIST_KEY_UIApplicationSceneManifest_Generation[sdk=iphoneos*]" = YES;
				"INFOPLIST_KEY_UIApplicationSceneManifest_Generation[sdk=iphonesimulator*]" = YES;
				"INFOPLIST_KEY_UIApplicationSupportsIndirectInputEvents[sdk=iphoneos*]" = YES;
				"INFOPLIST_KEY_UIApplicationSupportsIndirectInputEvents[sdk=iphonesimulator*]" = YES;
				"INFOPLIST_KEY_UILaunchScreen_Generation[sdk=iphoneos*]" = YES;
				"INFOPLIST_KEY_UILaunchScreen_Generation[sdk=iphonesimulator*]" = YES;
				"INFOPLIST_KEY_UIStatusBarStyle[sdk=iphoneos*]" = UIStatusBarStyleDefault;
				"INFOPLIST_KEY_UIStatusBarStyle[sdk=iphonesimulator*]" = UIStatusBarStyleDefault;
				INFOPLIST_KEY_UISupportedInterfaceOrientations_iPad = "UIInterfaceOrientationPortrait UIInterfaceOrientationPortraitUpsideDown UIInterfaceOrientationLandscapeLeft UIInterfaceOrientationLandscapeRight";
				INFOPLIST_KEY_UISupportedInterfaceOrientations_iPhone = "UIInterfaceOrientationPortrait UIInterfaceOrientationLandscapeLeft UIInterfaceOrientationLandscapeRight";
				IPHONEOS_DEPLOYMENT_TARGET = 17.0;
				LD_RUNPATH_SEARCH_PATHS = "@executable_path/Frameworks";
				"LD_RUNPATH_SEARCH_PATHS[sdk=macosx*]" = "@executable_path/../Frameworks";
				MACOSX_DEPLOYMENT_TARGET = 14.0;
				MARKETING_VERSION = 1.0;
				PRODUCT_BUNDLE_IDENTIFIER = com.BrianMasse.ScrollBlur;
				PRODUCT_NAME = "$(TARGET_NAME)";
				SDKROOT = auto;
				SUPPORTED_PLATFORMS = "iphoneos iphonesimulator macosx";
				SWIFT_EMIT_LOC_STRINGS = YES;
				SWIFT_VERSION = 5.0;
				TARGETED_DEVICE_FAMILY = "1,2";
			};
			name = Debug;
		};
		C911B8ED2B1D6B4100F5986A /* Release */ = {
			isa = XCBuildConfiguration;
			buildSettings = {
				ASSETCATALOG_COMPILER_APPICON_NAME = AppIcon;
				ASSETCATALOG_COMPILER_GLOBAL_ACCENT_COLOR_NAME = AccentColor;
				CODE_SIGN_ENTITLEMENTS = ScrollBlur/ScrollBlur.entitlements;
				CODE_SIGN_STYLE = Automatic;
				CURRENT_PROJECT_VERSION = 1;
				DEVELOPMENT_ASSET_PATHS = "\"ScrollBlur/Preview Content\"";
				DEVELOPMENT_TEAM = LN4JU8GNV7;
				ENABLE_HARDENED_RUNTIME = YES;
				ENABLE_PREVIEWS = YES;
				GENERATE_INFOPLIST_FILE = YES;
				"INFOPLIST_KEY_UIApplicationSceneManifest_Generation[sdk=iphoneos*]" = YES;
				"INFOPLIST_KEY_UIApplicationSceneManifest_Generation[sdk=iphonesimulator*]" = YES;
				"INFOPLIST_KEY_UIApplicationSupportsIndirectInputEvents[sdk=iphoneos*]" = YES;
				"INFOPLIST_KEY_UIApplicationSupportsIndirectInputEvents[sdk=iphonesimulator*]" = YES;
				"INFOPLIST_KEY_UILaunchScreen_Generation[sdk=iphoneos*]" = YES;
				"INFOPLIST_KEY_UILaunchScreen_Generation[sdk=iphonesimulator*]" = YES;
				"INFOPLIST_KEY_UIStatusBarStyle[sdk=iphoneos*]" = UIStatusBarStyleDefault;
				"INFOPLIST_KEY_UIStatusBarStyle[sdk=iphonesimulator*]" = UIStatusBarStyleDefault;
				INFOPLIST_KEY_UISupportedInterfaceOrientations_iPad = "UIInterfaceOrientationPortrait UIInterfaceOrientationPortraitUpsideDown UIInterfaceOrientationLandscapeLeft UIInterfaceOrientationLandscapeRight";
				INFOPLIST_KEY_UISupportedInterfaceOrientations_iPhone = "UIInterfaceOrientationPortrait UIInterfaceOrientationLandscapeLeft UIInterfaceOrientationLandscapeRight";
				IPHONEOS_DEPLOYMENT_TARGET = 17.0;
				LD_RUNPATH_SEARCH_PATHS = "@executable_path/Frameworks";
				"LD_RUNPATH_SEARCH_PATHS[sdk=macosx*]" = "@executable_path/../Frameworks";
				MACOSX_DEPLOYMENT_TARGET = 14.0;
				MARKETING_VERSION = 1.0;
				PRODUCT_BUNDLE_IDENTIFIER = com.BrianMasse.ScrollBlur;
				PRODUCT_NAME = "$(TARGET_NAME)";
				SDKROOT = auto;
				SUPPORTED_PLATFORMS = "iphoneos iphonesimulator macosx";
				SWIFT_EMIT_LOC_STRINGS = YES;
				SWIFT_VERSION = 5.0;
				TARGETED_DEVICE_FAMILY = "1,2";
			};
			name = Release;
		};
		C911B8EF2B1D6B4100F5986A /* Debug */ = {
			isa = XCBuildConfiguration;
			buildSettings = {
				ALWAYS_EMBED_SWIFT_STANDARD_LIBRARIES = YES;
				BUNDLE_LOADER = "$(TEST_HOST)";
				CODE_SIGN_STYLE = Automatic;
				CURRENT_PROJECT_VERSION = 1;
				DEVELOPMENT_TEAM = LN4JU8GNV7;
				GENERATE_INFOPLIST_FILE = YES;
				IPHONEOS_DEPLOYMENT_TARGET = 17.0;
				MACOSX_DEPLOYMENT_TARGET = 14.0;
				MARKETING_VERSION = 1.0;
				PRODUCT_BUNDLE_IDENTIFIER = com.BrianMasse.ScrollBlurTests;
				PRODUCT_NAME = "$(TARGET_NAME)";
				SDKROOT = auto;
				SUPPORTED_PLATFORMS = "iphoneos iphonesimulator macosx";
				SWIFT_EMIT_LOC_STRINGS = NO;
				SWIFT_VERSION = 5.0;
				TARGETED_DEVICE_FAMILY = "1,2";
				TEST_HOST = "$(BUILT_PRODUCTS_DIR)/ScrollBlur.app/$(BUNDLE_EXECUTABLE_FOLDER_PATH)/ScrollBlur";
			};
			name = Debug;
		};
		C911B8F02B1D6B4100F5986A /* Release */ = {
			isa = XCBuildConfiguration;
			buildSettings = {
				ALWAYS_EMBED_SWIFT_STANDARD_LIBRARIES = YES;
				BUNDLE_LOADER = "$(TEST_HOST)";
				CODE_SIGN_STYLE = Automatic;
				CURRENT_PROJECT_VERSION = 1;
				DEVELOPMENT_TEAM = LN4JU8GNV7;
				GENERATE_INFOPLIST_FILE = YES;
				IPHONEOS_DEPLOYMENT_TARGET = 17.0;
				MACOSX_DEPLOYMENT_TARGET = 14.0;
				MARKETING_VERSION = 1.0;
				PRODUCT_BUNDLE_IDENTIFIER = com.BrianMasse.ScrollBlurTests;
				PRODUCT_NAME = "$(TARGET_NAME)";
				SDKROOT = auto;
				SUPPORTED_PLATFORMS = "iphoneos iphonesimulator macosx";
				SWIFT_EMIT_LOC_STRINGS = NO;
				SWIFT_VERSION = 5.0;
				TARGETED_DEVICE_FAMILY = "1,2";
				TEST_HOST = "$(BUILT_PRODUCTS_DIR)/ScrollBlur.app/$(BUNDLE_EXECUTABLE_FOLDER_PATH)/ScrollBlur";
			};
			name = Release;
		};
		C911B8F22B1D6B4100F5986A /* Debug */ = {
			isa = XCBuildConfiguration;
			buildSettings = {
				ALWAYS_EMBED_SWIFT_STANDARD_LIBRARIES = YES;
				CODE_SIGN_STYLE = Automatic;
				CURRENT_PROJECT_VERSION = 1;
				DEVELOPMENT_TEAM = LN4JU8GNV7;
				GENERATE_INFOPLIST_FILE = YES;
				IPHONEOS_DEPLOYMENT_TARGET = 17.0;
				MACOSX_DEPLOYMENT_TARGET = 14.0;
				MARKETING_VERSION = 1.0;
				PRODUCT_BUNDLE_IDENTIFIER = com.BrianMasse.ScrollBlurUITests;
				PRODUCT_NAME = "$(TARGET_NAME)";
				SDKROOT = auto;
				SUPPORTED_PLATFORMS = "iphoneos iphonesimulator macosx";
				SWIFT_EMIT_LOC_STRINGS = NO;
				SWIFT_VERSION = 5.0;
				TARGETED_DEVICE_FAMILY = "1,2";
				TEST_TARGET_NAME = ScrollBlur;
			};
			name = Debug;
		};
		C911B8F32B1D6B4100F5986A /* Release */ = {
			isa = XCBuildConfiguration;
			buildSettings = {
				ALWAYS_EMBED_SWIFT_STANDARD_LIBRARIES = YES;
				CODE_SIGN_STYLE = Automatic;
				CURRENT_PROJECT_VERSION = 1;
				DEVELOPMENT_TEAM = LN4JU8GNV7;
				GENERATE_INFOPLIST_FILE = YES;
				IPHONEOS_DEPLOYMENT_TARGET = 17.0;
				MACOSX_DEPLOYMENT_TARGET = 14.0;
				MARKETING_VERSION = 1.0;
				PRODUCT_BUNDLE_IDENTIFIER = com.BrianMasse.ScrollBlurUITests;
				PRODUCT_NAME = "$(TARGET_NAME)";
				SDKROOT = auto;
				SUPPORTED_PLATFORMS = "iphoneos iphonesimulator macosx";
				SWIFT_EMIT_LOC_STRINGS = NO;
				SWIFT_VERSION = 5.0;
				TARGETED_DEVICE_FAMILY = "1,2";
				TEST_TARGET_NAME = ScrollBlur;
			};
			name = Release;
		};
/* End XCBuildConfiguration section */

/* Begin XCConfigurationList section */
		C911B8BF2B1D6B4000F5986A /* Build configuration list for PBXProject "ScrollBlur" */ = {
			isa = XCConfigurationList;
			buildConfigurations = (
				C911B8E92B1D6B4100F5986A /* Debug */,
				C911B8EA2B1D6B4100F5986A /* Release */,
			);
			defaultConfigurationIsVisible = 0;
			defaultConfigurationName = Release;
		};
		C911B8EB2B1D6B4100F5986A /* Build configuration list for PBXNativeTarget "ScrollBlur" */ = {
			isa = XCConfigurationList;
			buildConfigurations = (
				C911B8EC2B1D6B4100F5986A /* Debug */,
				C911B8ED2B1D6B4100F5986A /* Release */,
			);
			defaultConfigurationIsVisible = 0;
			defaultConfigurationName = Release;
		};
		C911B8EE2B1D6B4100F5986A /* Build configuration list for PBXNativeTarget "ScrollBlurTests" */ = {
			isa = XCConfigurationList;
			buildConfigurations = (
				C911B8EF2B1D6B4100F5986A /* Debug */,
				C911B8F02B1D6B4100F5986A /* Release */,
			);
			defaultConfigurationIsVisible = 0;
			defaultConfigurationName = Release;
		};
		C911B8F12B1D6B4100F5986A /* Build configuration list for PBXNativeTarget "ScrollBlurUITests" */ = {
			isa = XCConfigurationList;
			buildConfigurations = (
				C911B8F22B1D6B4100F5986A /* Debug */,
				C911B8F32B1D6B4100F5986A /* Release */,
			);
			defaultConfigurationIsVisible = 0;
			defaultConfigurationName = Release;
		};
/* End XCConfigurationList section */
	};
	rootObject = C911B8BC2B1D6B4000F5986A /* Project object */;
}
